
Microsoft Visual Studio Solution File, Format Version 12.00
# Visual Studio Version 17
VisualStudioVersion = 17.9.34723.18
MinimumVisualStudioVersion = 10.0.40219.1
Project("{9A19103F-16F7-4668-BE54-9A1E7A4F7556}") = "LibraryAPI", "LibraryAPI\LibraryAPI.csproj", "{2C7E3BCD-C565-4BC5-9E33-8CF08C6EAE01}"
EndProject
Project("{FAE04EC0-301F-11D3-BF4B-00C04F79EFBC}") = "LibraryService", "LibraryService\LibraryService.csproj", "{B98E3DA5-5DAF-4918-BE04-8877570C4080}"
EndProject
Global
	GlobalSection(SolutionConfigurationPlatforms) = preSolution
		Debug|Any CPU = Debug|Any CPU
		Release|Any CPU = Release|Any CPU
	EndGlobalSection
	GlobalSection(ProjectConfigurationPlatforms) = postSolution
		{2C7E3BCD-C565-4BC5-9E33-8CF08C6EAE01}.Debug|Any CPU.ActiveCfg = Debug|Any CPU
		{2C7E3BCD-C565-4BC5-9E33-8CF08C6EAE01}.Debug|Any CPU.Build.0 = Debug|Any CPU
		{2C7E3BCD-C565-4BC5-9E33-8CF08C6EAE01}.Release|Any CPU.ActiveCfg = Release|Any CPU
		{2C7E3BCD-C565-4BC5-9E33-8CF08C6EAE01}.Release|Any CPU.Build.0 = Release|Any CPU
		{B98E3DA5-5DAF-4918-BE04-8877570C4080}.Debug|Any CPU.ActiveCfg = Debug|Any CPU
		{B98E3DA5-5DAF-4918-BE04-8877570C4080}.Debug|Any CPU.Build.0 = Debug|Any CPU
		{B98E3DA5-5DAF-4918-BE04-8877570C4080}.Release|Any CPU.ActiveCfg = Release|Any CPU
		{B98E3DA5-5DAF-4918-BE04-8877570C4080}.Release|Any CPU.Build.0 = Release|Any CPU
	EndGlobalSection
	GlobalSection(SolutionProperties) = preSolution
		HideSolutionNode = FALSE
	EndGlobalSection
	GlobalSection(ExtensibilityGlobals) = postSolution
		SolutionGuid = {243CDF6C-7747-44D1-9787-2B0C065C9D32}
	EndGlobalSection
EndGlobal
